// !$*UTF8*$!
{
	archiveVersion = 1;
	classes = {
	};
	objectVersion = 56;
	objects = {

/* Begin PBXBuildFile section */
		2D7C293D2CDCCE2300C6CA99 /* Recipe_AppApp.swift in Sources */ = {isa = PBXBuildFile; fileRef = 2D7C293C2CDCCE2300C6CA99 /* Recipe_AppApp.swift */; };
		2D7C293F2CDCCE2300C6CA99 /* ContentView.swift in Sources */ = {isa = PBXBuildFile; fileRef = 2D7C293E2CDCCE2300C6CA99 /* ContentView.swift */; };
		2D7C29412CDCCE2500C6CA99 /* Assets.xcassets in Resources */ = {isa = PBXBuildFile; fileRef = 2D7C29402CDCCE2500C6CA99 /* Assets.xcassets */; };
		2D7C29442CDCCE2500C6CA99 /* Preview Assets.xcassets in Resources */ = {isa = PBXBuildFile; fileRef = 2D7C29432CDCCE2500C6CA99 /* Preview Assets.xcassets */; };
		2D7C29512CDCD11200C6CA99 /* HomeView.swift in Sources */ = {isa = PBXBuildFile; fileRef = 2D7C29502CDCD11200C6CA99 /* HomeView.swift */; };
		2D7C29532CDCD13500C6CA99 /* CategoriesVIew.swift in Sources */ = {isa = PBXBuildFile; fileRef = 2D7C29522CDCD13500C6CA99 /* CategoriesVIew.swift */; };
		2D7C29562CDCD15900C6CA99 /* NewRecipeView.swift in Sources */ = {isa = PBXBuildFile; fileRef = 2D7C29552CDCD15900C6CA99 /* NewRecipeView.swift */; };
		2D7C29582CDCD1A600C6CA99 /* FavouritesView.swift in Sources */ = {isa = PBXBuildFile; fileRef = 2D7C29572CDCD1A600C6CA99 /* FavouritesView.swift */; };
		2D7C295A2CDCD1BD00C6CA99 /* SettingsView.swift in Sources */ = {isa = PBXBuildFile; fileRef = 2D7C29592CDCD1BD00C6CA99 /* SettingsView.swift */; };
/* End PBXBuildFile section */

/* Begin PBXFileReference section */
		2D7C29392CDCCE2300C6CA99 /* Recipe App.app */ = {isa = PBXFileReference; explicitFileType = wrapper.application; includeInIndex = 0; path = "Recipe App.app"; sourceTree = BUILT_PRODUCTS_DIR; };
		2D7C293C2CDCCE2300C6CA99 /* Recipe_AppApp.swift */ = {isa = PBXFileReference; lastKnownFileType = sourcecode.swift; path = Recipe_AppApp.swift; sourceTree = "<group>"; };
		2D7C293E2CDCCE2300C6CA99 /* ContentView.swift */ = {isa = PBXFileReference; lastKnownFileType = sourcecode.swift; path = ContentView.swift; sourceTree = "<group>"; };
		2D7C29402CDCCE2500C6CA99 /* Assets.xcassets */ = {isa = PBXFileReference; lastKnownFileType = folder.assetcatalog; path = Assets.xcassets; sourceTree = "<group>"; };
		2D7C29432CDCCE2500C6CA99 /* Preview Assets.xcassets */ = {isa = PBXFileReference; lastKnownFileType = folder.assetcatalog; path = "Preview Assets.xcassets"; sourceTree = "<group>"; };
		2D7C29502CDCD11200C6CA99 /* HomeView.swift */ = {isa = PBXFileReference; lastKnownFileType = sourcecode.swift; path = HomeView.swift; sourceTree = "<group>"; };
		2D7C29522CDCD13500C6CA99 /* CategoriesVIew.swift */ = {isa = PBXFileReference; lastKnownFileType = sourcecode.swift; path = CategoriesVIew.swift; sourceTree = "<group>"; };
		2D7C29552CDCD15900C6CA99 /* NewRecipeView.swift */ = {isa = PBXFileReference; lastKnownFileType = sourcecode.swift; path = NewRecipeView.swift; sourceTree = "<group>"; };
		2D7C29572CDCD1A600C6CA99 /* FavouritesView.swift */ = {isa = PBXFileReference; lastKnownFileType = sourcecode.swift; path = FavouritesView.swift; sourceTree = "<group>"; };
		2D7C29592CDCD1BD00C6CA99 /* SettingsView.swift */ = {isa = PBXFileReference; lastKnownFileType = sourcecode.swift; path = SettingsView.swift; sourceTree = "<group>"; };
/* End PBXFileReference section */

/* Begin PBXFrameworksBuildPhase section */
		2D7C29362CDCCE2300C6CA99 /* Frameworks */ = {
			isa = PBXFrameworksBuildPhase;
			buildActionMask = 2147483647;
			files = (
			);
			runOnlyForDeploymentPostprocessing = 0;
		};
/* End PBXFrameworksBuildPhase section */

/* Begin PBXGroup section */
		2D7C29302CDCCE2300C6CA99 = {
			isa = PBXGroup;
			children = (
				2D7C293B2CDCCE2300C6CA99 /* Recipe App */,
				2D7C293A2CDCCE2300C6CA99 /* Products */,
			);
			sourceTree = "<group>";
		};
		2D7C293A2CDCCE2300C6CA99 /* Products */ = {
			isa = PBXGroup;
			children = (
				2D7C29392CDCCE2300C6CA99 /* Recipe App.app */,
			);
			name = Products;
			sourceTree = "<group>";
		};
		2D7C293B2CDCCE2300C6CA99 /* Recipe App */ = {
			isa = PBXGroup;
			children = (
				2D7C294B2CDCD03200C6CA99 /* RecipeSaver */,
				2D7C29402CDCCE2500C6CA99 /* Assets.xcassets */,
				2D7C29422CDCCE2500C6CA99 /* Preview Content */,
			);
			path = "Recipe App";
			sourceTree = "<group>";
		};
		2D7C29422CDCCE2500C6CA99 /* Preview Content */ = {
			isa = PBXGroup;
			children = (
				2D7C29432CDCCE2500C6CA99 /* Preview Assets.xcassets */,
			);
			path = "Preview Content";
			sourceTree = "<group>";
		};
		2D7C294B2CDCD03200C6CA99 /* RecipeSaver */ = {
			isa = PBXGroup;
			children = (
				2D7C293C2CDCCE2300C6CA99 /* Recipe_AppApp.swift */,
				2D7C294C2CDCD05200C6CA99 /* Views */,
			);
			path = RecipeSaver;
			sourceTree = "<group>";
		};
		2D7C294C2CDCD05200C6CA99 /* Views */ = {
			isa = PBXGroup;
			children = (
				2D7C294D2CDCD06000C6CA99 /* Main */,
				2D7C294F2CDCD0D100C6CA99 /* Components */,
				2D7C294E2CDCD0C400C6CA99 /* Detail */,
			);
			path = Views;
			sourceTree = "<group>";
		};
		2D7C294D2CDCD06000C6CA99 /* Main */ = {
			isa = PBXGroup;
			children = (
				2D7C293E2CDCCE2300C6CA99 /* ContentView.swift */,
				2D7C29502CDCD11200C6CA99 /* HomeView.swift */,
				2D7C29522CDCD13500C6CA99 /* CategoriesVIew.swift */,
				2D7C29572CDCD1A600C6CA99 /* FavouritesView.swift */,
				2D7C29552CDCD15900C6CA99 /* NewRecipeView.swift */,
				2D7C29592CDCD1BD00C6CA99 /* SettingsView.swift */,
			);
			path = Main;
			sourceTree = "<group>";
		};
		2D7C294E2CDCD0C400C6CA99 /* Detail */ = {
			isa = PBXGroup;
			children = (
			);
			path = Detail;
			sourceTree = "<group>";
		};
		2D7C294F2CDCD0D100C6CA99 /* Components */ = {
			isa = PBXGroup;
			children = (
			);
			path = Components;
			sourceTree = "<group>";
		};
/* End PBXGroup section */

/* Begin PBXNativeTarget section */
		2D7C29382CDCCE2300C6CA99 /* Recipe App */ = {
			isa = PBXNativeTarget;
			buildConfigurationList = 2D7C29472CDCCE2500C6CA99 /* Build configuration list for PBXNativeTarget "Recipe App" */;
			buildPhases = (
				2D7C29352CDCCE2300C6CA99 /* Sources */,
				2D7C29362CDCCE2300C6CA99 /* Frameworks */,
				2D7C29372CDCCE2300C6CA99 /* Resources */,
			);
			buildRules = (
			);
			dependencies = (
			);
			name = "Recipe App";
			productName = "Recipe App";
			productReference = 2D7C29392CDCCE2300C6CA99 /* Recipe App.app */;
			productType = "com.apple.product-type.application";
		};
/* End PBXNativeTarget section */

/* Begin PBXProject section */
		2D7C29312CDCCE2300C6CA99 /* Project object */ = {
			isa = PBXProject;
			attributes = {
				BuildIndependentTargetsInParallel = 1;
				LastSwiftUpdateCheck = 1520;
				LastUpgradeCheck = 1520;
				TargetAttributes = {
					2D7C29382CDCCE2300C6CA99 = {
						CreatedOnToolsVersion = 15.2;
					};
				};
			};
			buildConfigurationList = 2D7C29342CDCCE2300C6CA99 /* Build configuration list for PBXProject "Recipe App" */;
			compatibilityVersion = "Xcode 14.0";
			developmentRegion = en;
			hasScannedForEncodings = 0;
			knownRegions = (
				en,
				Base,
			);
			mainGroup = 2D7C29302CDCCE2300C6CA99;
			productRefGroup = 2D7C293A2CDCCE2300C6CA99 /* Products */;
			projectDirPath = "";
			projectRoot = "";
			targets = (
				2D7C29382CDCCE2300C6CA99 /* Recipe App */,
			);
		};
/* End PBXProject section */

/* Begin PBXResourcesBuildPhase section */
		2D7C29372CDCCE2300C6CA99 /* Resources */ = {
			isa = PBXResourcesBuildPhase;
			buildActionMask = 2147483647;
			files = (
				2D7C29442CDCCE2500C6CA99 /* Preview Assets.xcassets in Resources */,
				2D7C29412CDCCE2500C6CA99 /* Assets.xcassets in Resources */,
			);
			runOnlyForDeploymentPostprocessing = 0;
		};
/* End PBXResourcesBuildPhase section */

/* Begin PBXSourcesBuildPhase section */
		2D7C29352CDCCE2300C6CA99 /* Sources */ = {
			isa = PBXSourcesBuildPhase;
			buildActionMask = 2147483647;
			files = (
				2D7C295A2CDCD1BD00C6CA99 /* SettingsView.swift in Sources */,
				2D7C29532CDCD13500C6CA99 /* CategoriesVIew.swift in Sources */,
				2D7C29562CDCD15900C6CA99 /* NewRecipeView.swift in Sources */,
				2D7C29512CDCD11200C6CA99 /* HomeView.swift in Sources */,
				2D7C293F2CDCCE2300C6CA99 /* ContentView.swift in Sources */,
				2D7C29582CDCD1A600C6CA99 /* FavouritesView.swift in Sources */,
				2D7C293D2CDCCE2300C6CA99 /* Recipe_AppApp.swift in Sources */,
			);
			runOnlyForDeploymentPostprocessing = 0;
		};
/* End PBXSourcesBuildPhase section */

/* Begin XCBuildConfiguration section */
		2D7C29452CDCCE2500C6CA99 /* Debug */ = {
			isa = XCBuildConfiguration;
			buildSettings = {
				ALWAYS_SEARCH_USER_PATHS = NO;
				ASSETCATALOG_COMPILER_GENERATE_SWIFT_ASSET_SYMBOL_EXTENSIONS = YES;
				CLANG_ANALYZER_NONNULL = YES;
				CLANG_ANALYZER_NUMBER_OBJECT_CONVERSION = YES_AGGRESSIVE;
				CLANG_CXX_LANGUAGE_STANDARD = "gnu++20";
				CLANG_ENABLE_MODULES = YES;
				CLANG_ENABLE_OBJC_ARC = YES;
				CLANG_ENABLE_OBJC_WEAK = YES;
				CLANG_WARN_BLOCK_CAPTURE_AUTORELEASING = YES;
				CLANG_WARN_BOOL_CONVERSION = YES;
				CLANG_WARN_COMMA = YES;
				CLANG_WARN_CONSTANT_CONVERSION = YES;
				CLANG_WARN_DEPRECATED_OBJC_IMPLEMENTATIONS = YES;
				CLANG_WARN_DIRECT_OBJC_ISA_USAGE = YES_ERROR;
				CLANG_WARN_DOCUMENTATION_COMMENTS = YES;
				CLANG_WARN_EMPTY_BODY = YES;
				CLANG_WARN_ENUM_CONVERSION = YES;
				CLANG_WARN_INFINITE_RECURSION = YES;
				CLANG_WARN_INT_CONVERSION = YES;
				CLANG_WARN_NON_LITERAL_NULL_CONVERSION = YES;
				CLANG_WARN_OBJC_IMPLICIT_RETAIN_SELF = YES;
				CLANG_WARN_OBJC_LITERAL_CONVERSION = YES;
				CLANG_WARN_OBJC_ROOT_CLASS = YES_ERROR;
				CLANG_WARN_QUOTED_INCLUDE_IN_FRAMEWORK_HEADER = YES;
				CLANG_WARN_RANGE_LOOP_ANALYSIS = YES;
				CLANG_WARN_STRICT_PROTOTYPES = YES;
				CLANG_WARN_SUSPICIOUS_MOVE = YES;
				CLANG_WARN_UNGUARDED_AVAILABILITY = YES_AGGRESSIVE;
				CLANG_WARN_UNREACHABLE_CODE = YES;
				CLANG_WARN__DUPLICATE_METHOD_MATCH = YES;
				COPY_PHASE_STRIP = NO;
				DEBUG_INFORMATION_FORMAT = dwarf;
				ENABLE_STRICT_OBJC_MSGSEND = YES;
				ENABLE_TESTABILITY = YES;
				ENABLE_USER_SCRIPT_SANDBOXING = YES;
				GCC_C_LANGUAGE_STANDARD = gnu17;
				GCC_DYNAMIC_NO_PIC = NO;
				GCC_NO_COMMON_BLOCKS = YES;
				GCC_OPTIMIZATION_LEVEL = 0;
				GCC_PREPROCESSOR_DEFINITIONS = (
					"DEBUG=1",
					"$(inherited)",
				);
				GCC_WARN_64_TO_32_BIT_CONVERSION = YES;
				GCC_WARN_ABOUT_RETURN_TYPE = YES_ERROR;
				GCC_WARN_UNDECLARED_SELECTOR = YES;
				GCC_WARN_UNINITIALIZED_AUTOS = YES_AGGRESSIVE;
				GCC_WARN_UNUSED_FUNCTION = YES;
				GCC_WARN_UNUSED_VARIABLE = YES;
				IPHONEOS_DEPLOYMENT_TARGET = 17.2;
				LOCALIZATION_PREFERS_STRING_CATALOGS = YES;
				MTL_ENABLE_DEBUG_INFO = INCLUDE_SOURCE;
				MTL_FAST_MATH = YES;
				ONLY_ACTIVE_ARCH = YES;
				SDKROOT = iphoneos;
				SWIFT_ACTIVE_COMPILATION_CONDITIONS = "DEBUG $(inherited)";
				SWIFT_OPTIMIZATION_LEVEL = "-Onone";
			};
			name = Debug;
		};
		2D7C29462CDCCE2500C6CA99 /* Release */ = {
			isa = XCBuildConfiguration;
			buildSettings = {
				ALWAYS_SEARCH_USER_PATHS = NO;
				ASSETCATALOG_COMPILER_GENERATE_SWIFT_ASSET_SYMBOL_EXTENSIONS = YES;
				CLANG_ANALYZER_NONNULL = YES;
				CLANG_ANALYZER_NUMBER_OBJECT_CONVERSION = YES_AGGRESSIVE;
				CLANG_CXX_LANGUAGE_STANDARD = "gnu++20";
				CLANG_ENABLE_MODULES = YES;
				CLANG_ENABLE_OBJC_ARC = YES;
				CLANG_ENABLE_OBJC_WEAK = YES;
				CLANG_WARN_BLOCK_CAPTURE_AUTORELEASING = YES;
				CLANG_WARN_BOOL_CONVERSION = YES;
				CLANG_WARN_COMMA = YES;
				CLANG_WARN_CONSTANT_CONVERSION = YES;
				CLANG_WARN_DEPRECATED_OBJC_IMPLEMENTATIONS = YES;
				CLANG_WARN_DIRECT_OBJC_ISA_USAGE = YES_ERROR;
				CLANG_WARN_DOCUMENTATION_COMMENTS = YES;
				CLANG_WARN_EMPTY_BODY = YES;
				CLANG_WARN_ENUM_CONVERSION = YES;
				CLANG_WARN_INFINITE_RECURSION = YES;
				CLANG_WARN_INT_CONVERSION = YES;
				CLANG_WARN_NON_LITERAL_NULL_CONVERSION = YES;
				CLANG_WARN_OBJC_IMPLICIT_RETAIN_SELF = YES;
				CLANG_WARN_OBJC_LITERAL_CONVERSION = YES;
				CLANG_WARN_OBJC_ROOT_CLASS = YES_ERROR;
				CLANG_WARN_QUOTED_INCLUDE_IN_FRAMEWORK_HEADER = YES;
				CLANG_WARN_RANGE_LOOP_ANALYSIS = YES;
				CLANG_WARN_STRICT_PROTOTYPES = YES;
				CLANG_WARN_SUSPICIOUS_MOVE = YES;
				CLANG_WARN_UNGUARDED_AVAILABILITY = YES_AGGRESSIVE;
				CLANG_WARN_UNREACHABLE_CODE = YES;
				CLANG_WARN__DUPLICATE_METHOD_MATCH = YES;
				COPY_PHASE_STRIP = NO;
				DEBUG_INFORMATION_FORMAT = "dwarf-with-dsym";
				ENABLE_NS_ASSERTIONS = NO;
				ENABLE_STRICT_OBJC_MSGSEND = YES;
				ENABLE_USER_SCRIPT_SANDBOXING = YES;
				GCC_C_LANGUAGE_STANDARD = gnu17;
				GCC_NO_COMMON_BLOCKS = YES;
				GCC_WARN_64_TO_32_BIT_CONVERSION = YES;
				GCC_WARN_ABOUT_RETURN_TYPE = YES_ERROR;
				GCC_WARN_UNDECLARED_SELECTOR = YES;
				GCC_WARN_UNINITIALIZED_AUTOS = YES_AGGRESSIVE;
				GCC_WARN_UNUSED_FUNCTION = YES;
				GCC_WARN_UNUSED_VARIABLE = YES;
				IPHONEOS_DEPLOYMENT_TARGET = 17.2;
				LOCALIZATION_PREFERS_STRING_CATALOGS = YES;
				MTL_ENABLE_DEBUG_INFO = NO;
				MTL_FAST_MATH = YES;
				SDKROOT = iphoneos;
				SWIFT_COMPILATION_MODE = wholemodule;
				VALIDATE_PRODUCT = YES;
			};
			name = Release;
		};
		2D7C29482CDCCE2500C6CA99 /* Debug */ = {
			isa = XCBuildConfiguration;
			buildSettings = {
				ASSETCATALOG_COMPILER_APPICON_NAME = AppIcon;
				ASSETCATALOG_COMPILER_GLOBAL_ACCENT_COLOR_NAME = AccentColor;
				CODE_SIGN_STYLE = Automatic;
				CURRENT_PROJECT_VERSION = 1;
				DEVELOPMENT_ASSET_PATHS = "\"Recipe App/Preview Content\"";
				ENABLE_PREVIEWS = YES;
				GENERATE_INFOPLIST_FILE = YES;
				INFOPLIST_KEY_UIApplicationSceneManifest_Generation = YES;
				INFOPLIST_KEY_UIApplicationSupportsIndirectInputEvents = YES;
				INFOPLIST_KEY_UILaunchScreen_Generation = YES;
				INFOPLIST_KEY_UISupportedInterfaceOrientations_iPad = "UIInterfaceOrientationPortrait UIInterfaceOrientationPortraitUpsideDown UIInterfaceOrientationLandscapeLeft UIInterfaceOrientationLandscapeRight";
				INFOPLIST_KEY_UISupportedInterfaceOrientations_iPhone = "UIInterfaceOrientationPortrait UIInterfaceOrientationLandscapeLeft UIInterfaceOrientationLandscapeRight";
				LD_RUNPATH_SEARCH_PATHS = (
					"$(inherited)",
					"@executable_path/Frameworks",
				);
				MARKETING_VERSION = 1.0;
				PRODUCT_BUNDLE_IDENTIFIER = "kuet.Recipe-App";
				PRODUCT_NAME = "$(TARGET_NAME)";
				SWIFT_EMIT_LOC_STRINGS = YES;
				SWIFT_VERSION = 5.0;
				TARGETED_DEVICE_FAMILY = "1,2";
			};
			name = Debug;
		};
		2D7C29492CDCCE2500C6CA99 /* Release */ = {
			isa = XCBuildConfiguration;
			buildSettings = {
				ASSETCATALOG_COMPILER_APPICON_NAME = AppIcon;
				ASSETCATALOG_COMPILER_GLOBAL_ACCENT_COLOR_NAME = AccentColor;
				CODE_SIGN_STYLE = Automatic;
				CURRENT_PROJECT_VERSION = 1;
				DEVELOPMENT_ASSET_PATHS = "\"Recipe App/Preview Content\"";
				ENABLE_PREVIEWS = YES;
				GENERATE_INFOPLIST_FILE = YES;
				INFOPLIST_KEY_UIApplicationSceneManifest_Generation = YES;
				INFOPLIST_KEY_UIApplicationSupportsIndirectInputEvents = YES;
				INFOPLIST_KEY_UILaunchScreen_Generation = YES;
				INFOPLIST_KEY_UISupportedInterfaceOrientations_iPad = "UIInterfaceOrientationPortrait UIInterfaceOrientationPortraitUpsideDown UIInterfaceOrientationLandscapeLeft UIInterfaceOrientationLandscapeRight";
				INFOPLIST_KEY_UISupportedInterfaceOrientations_iPhone = "UIInterfaceOrientationPortrait UIInterfaceOrientationLandscapeLeft UIInterfaceOrientationLandscapeRight";
				LD_RUNPATH_SEARCH_PATHS = (
					"$(inherited)",
					"@executable_path/Frameworks",
				);
				MARKETING_VERSION = 1.0;
				PRODUCT_BUNDLE_IDENTIFIER = "kuet.Recipe-App";
				PRODUCT_NAME = "$(TARGET_NAME)";
				SWIFT_EMIT_LOC_STRINGS = YES;
				SWIFT_VERSION = 5.0;
				TARGETED_DEVICE_FAMILY = "1,2";
			};
			name = Release;
		};
/* End XCBuildConfiguration section */

/* Begin XCConfigurationList section */
		2D7C29342CDCCE2300C6CA99 /* Build configuration list for PBXProject "Recipe App" */ = {
			isa = XCConfigurationList;
			buildConfigurations = (
				2D7C29452CDCCE2500C6CA99 /* Debug */,
				2D7C29462CDCCE2500C6CA99 /* Release */,
			);
			defaultConfigurationIsVisible = 0;
			defaultConfigurationName = Release;
		};
		2D7C29472CDCCE2500C6CA99 /* Build configuration list for PBXNativeTarget "Recipe App" */ = {
			isa = XCConfigurationList;
			buildConfigurations = (
				2D7C29482CDCCE2500C6CA99 /* Debug */,
				2D7C29492CDCCE2500C6CA99 /* Release */,
			);
			defaultConfigurationIsVisible = 0;
			defaultConfigurationName = Release;
		};
/* End XCConfigurationList section */
	};
	rootObject = 2D7C29312CDCCE2300C6CA99 /* Project object */;
}
